
Microsoft Visual Studio Solution File, Format Version 12.00
# Visual Studio Version 16
VisualStudioVersion = 16.0.28803.452
MinimumVisualStudioVersion = 10.0.40219.1
Project("{FAE04EC0-301F-11D3-BF4B-00C04F79EFBC}") = "5 - CaracteresETextos", "5 - CaracteresETextos\5 - CaracteresETextos.csproj", "{0C986356-6561-476E-91A2-57E05AF28024}"
EndProject
Project("{FAE04EC0-301F-11D3-BF4B-00C04F79EFBC}") = "6 - AtribuicaoDeVariaveis", "6 - AtribuicaoDeVariaveis\6 - AtribuicaoDeVariaveis.csproj", "{F9198E4A-9188-4B0D-9ACD-B475250E447C}"
EndProject
Project("{FAE04EC0-301F-11D3-BF4B-00C04F79EFBC}") = "7 - Condicionais", "7 - Condicionais\7 - Condicionais.csproj", "{9EA18076-2722-4C48-B9BF-68C613586134}"
EndProject
Project("{FAE04EC0-301F-11D3-BF4B-00C04F79EFBC}") = "8 - Condicionais2", "8 - Condicionais2\8 - Condicionais2.csproj", "{0B036F27-6233-439B-8B16-D422951B9368}"
EndProject
Project("{FAE04EC0-301F-11D3-BF4B-00C04F79EFBC}") = "9 - Escopo", "9 - Escopo\9 - Escopo.csproj", "{A1820E93-C43F-4E52-8A6B-884ACDABDC50}"
EndProject
Global
	GlobalSection(SolutionConfigurationPlatforms) = preSolution
		Debug|Any CPU = Debug|Any CPU
		Release|Any CPU = Release|Any CPU
	EndGlobalSection
	GlobalSection(ProjectConfigurationPlatforms) = postSolution
		{0C986356-6561-476E-91A2-57E05AF28024}.Debug|Any CPU.ActiveCfg = Debug|Any CPU
		{0C986356-6561-476E-91A2-57E05AF28024}.Debug|Any CPU.Build.0 = Debug|Any CPU
		{0C986356-6561-476E-91A2-57E05AF28024}.Release|Any CPU.ActiveCfg = Release|Any CPU
		{0C986356-6561-476E-91A2-57E05AF28024}.Release|Any CPU.Build.0 = Release|Any CPU
		{F9198E4A-9188-4B0D-9ACD-B475250E447C}.Debug|Any CPU.ActiveCfg = Debug|Any CPU
		{F9198E4A-9188-4B0D-9ACD-B475250E447C}.Debug|Any CPU.Build.0 = Debug|Any CPU
		{F9198E4A-9188-4B0D-9ACD-B475250E447C}.Release|Any CPU.ActiveCfg = Release|Any CPU
		{F9198E4A-9188-4B0D-9ACD-B475250E447C}.Release|Any CPU.Build.0 = Release|Any CPU
		{9EA18076-2722-4C48-B9BF-68C613586134}.Debug|Any CPU.ActiveCfg = Debug|Any CPU
		{9EA18076-2722-4C48-B9BF-68C613586134}.Debug|Any CPU.Build.0 = Debug|Any CPU
		{9EA18076-2722-4C48-B9BF-68C613586134}.Release|Any CPU.ActiveCfg = Release|Any CPU
		{9EA18076-2722-4C48-B9BF-68C613586134}.Release|Any CPU.Build.0 = Release|Any CPU
		{0B036F27-6233-439B-8B16-D422951B9368}.Debug|Any CPU.ActiveCfg = Debug|Any CPU
		{0B036F27-6233-439B-8B16-D422951B9368}.Debug|Any CPU.Build.0 = Debug|Any CPU
		{0B036F27-6233-439B-8B16-D422951B9368}.Release|Any CPU.ActiveCfg = Release|Any CPU
		{0B036F27-6233-439B-8B16-D422951B9368}.Release|Any CPU.Build.0 = Release|Any CPU
		{A1820E93-C43F-4E52-8A6B-884ACDABDC50}.Debug|Any CPU.ActiveCfg = Debug|Any CPU
		{A1820E93-C43F-4E52-8A6B-884ACDABDC50}.Debug|Any CPU.Build.0 = Debug|Any CPU
		{A1820E93-C43F-4E52-8A6B-884ACDABDC50}.Release|Any CPU.ActiveCfg = Release|Any CPU
		{A1820E93-C43F-4E52-8A6B-884ACDABDC50}.Release|Any CPU.Build.0 = Release|Any CPU
	EndGlobalSection
	GlobalSection(SolutionProperties) = preSolution
		HideSolutionNode = FALSE
	EndGlobalSection
	GlobalSection(ExtensibilityGlobals) = postSolution
		SolutionGuid = {266624F8-74BC-4297-A51F-E030C02C3386}
	EndGlobalSection
EndGlobal
